// !$*UTF8*$!
{
	archiveVersion = 1;
	classes = {
	};
	objectVersion = 56;
	objects = {

/* Begin PBXBuildFile section */
		4F156A002B77BA9900BEB7A7 /* LocationMapAnnotationView.swift in Sources */ = {isa = PBXBuildFile; fileRef = 4F1569FF2B77BA9900BEB7A7 /* LocationMapAnnotationView.swift */; };
		4F156A022B77C08F00BEB7A7 /* LocationDetailView.swift in Sources */ = {isa = PBXBuildFile; fileRef = 4F156A012B77C08F00BEB7A7 /* LocationDetailView.swift */; };
		4F4006C12B7641FB00B0FADF /* Location.swift in Sources */ = {isa = PBXBuildFile; fileRef = 4F4006C02B7641FB00B0FADF /* Location.swift */; };
		4F4006C42B7644D200B0FADF /* LocationsView.swift in Sources */ = {isa = PBXBuildFile; fileRef = 4F4006C32B7644D200B0FADF /* LocationsView.swift */; };
		4F4006C62B7644FE00B0FADF /* LocationsViewModel.swift in Sources */ = {isa = PBXBuildFile; fileRef = 4F4006C52B7644FE00B0FADF /* LocationsViewModel.swift */; };
		4F4006C82B7653D000B0FADF /* LocationsListView.swift in Sources */ = {isa = PBXBuildFile; fileRef = 4F4006C72B7653D000B0FADF /* LocationsListView.swift */; };
		4F8A3FE12B73963E006393CA /* LocationDataService.swift in Sources */ = {isa = PBXBuildFile; fileRef = 4F8A3FE02B73963E006393CA /* LocationDataService.swift */; };
		4FB10CCC2B7256C100EA7795 /* TheSandlotsApp.swift in Sources */ = {isa = PBXBuildFile; fileRef = 4FB10CCB2B7256C100EA7795 /* TheSandlotsApp.swift */; };
		4FB10CCE2B7256C100EA7795 /* ContentView.swift in Sources */ = {isa = PBXBuildFile; fileRef = 4FB10CCD2B7256C100EA7795 /* ContentView.swift */; };
		4FB10CD02B7256C200EA7795 /* Assets.xcassets in Resources */ = {isa = PBXBuildFile; fileRef = 4FB10CCF2B7256C200EA7795 /* Assets.xcassets */; };
		4FB10CD32B7256C200EA7795 /* Preview Assets.xcassets in Resources */ = {isa = PBXBuildFile; fileRef = 4FB10CD22B7256C200EA7795 /* Preview Assets.xcassets */; };
		4FBA8C372B77A03000F473F2 /* LocationPreviewView.swift in Sources */ = {isa = PBXBuildFile; fileRef = 4FBA8C362B77A03000F473F2 /* LocationPreviewView.swift */; };
/* End PBXBuildFile section */

/* Begin PBXFileReference section */
		4F1569FF2B77BA9900BEB7A7 /* LocationMapAnnotationView.swift */ = {isa = PBXFileReference; lastKnownFileType = sourcecode.swift; path = LocationMapAnnotationView.swift; sourceTree = "<group>"; };
		4F156A012B77C08F00BEB7A7 /* LocationDetailView.swift */ = {isa = PBXFileReference; lastKnownFileType = sourcecode.swift; path = LocationDetailView.swift; sourceTree = "<group>"; };
		4F156A032B77D1AB00BEB7A7 /* Info.plist */ = {isa = PBXFileReference; lastKnownFileType = text.plist; path = Info.plist; sourceTree = "<group>"; };
		4F4006C02B7641FB00B0FADF /* Location.swift */ = {isa = PBXFileReference; lastKnownFileType = sourcecode.swift; path = Location.swift; sourceTree = "<group>"; };
		4F4006C32B7644D200B0FADF /* LocationsView.swift */ = {isa = PBXFileReference; lastKnownFileType = sourcecode.swift; path = LocationsView.swift; sourceTree = "<group>"; };
		4F4006C52B7644FE00B0FADF /* LocationsViewModel.swift */ = {isa = PBXFileReference; lastKnownFileType = sourcecode.swift; path = LocationsViewModel.swift; sourceTree = "<group>"; };
		4F4006C72B7653D000B0FADF /* LocationsListView.swift */ = {isa = PBXFileReference; lastKnownFileType = sourcecode.swift; path = LocationsListView.swift; sourceTree = "<group>"; };
		4F8A3FE02B73963E006393CA /* LocationDataService.swift */ = {isa = PBXFileReference; lastKnownFileType = sourcecode.swift; path = LocationDataService.swift; sourceTree = "<group>"; };
		4FB10CC82B7256C100EA7795 /* TheSandlots.app */ = {isa = PBXFileReference; explicitFileType = wrapper.application; includeInIndex = 0; path = TheSandlots.app; sourceTree = BUILT_PRODUCTS_DIR; };
		4FB10CCB2B7256C100EA7795 /* TheSandlotsApp.swift */ = {isa = PBXFileReference; lastKnownFileType = sourcecode.swift; path = TheSandlotsApp.swift; sourceTree = "<group>"; };
		4FB10CCD2B7256C100EA7795 /* ContentView.swift */ = {isa = PBXFileReference; lastKnownFileType = sourcecode.swift; path = ContentView.swift; sourceTree = "<group>"; };
		4FB10CCF2B7256C200EA7795 /* Assets.xcassets */ = {isa = PBXFileReference; lastKnownFileType = folder.assetcatalog; path = Assets.xcassets; sourceTree = "<group>"; };
		4FB10CD22B7256C200EA7795 /* Preview Assets.xcassets */ = {isa = PBXFileReference; lastKnownFileType = folder.assetcatalog; path = "Preview Assets.xcassets"; sourceTree = "<group>"; };
		4FBA8C362B77A03000F473F2 /* LocationPreviewView.swift */ = {isa = PBXFileReference; lastKnownFileType = sourcecode.swift; path = LocationPreviewView.swift; sourceTree = "<group>"; };
/* End PBXFileReference section */

/* Begin PBXFrameworksBuildPhase section */
		4FB10CC52B7256C100EA7795 /* Frameworks */ = {
			isa = PBXFrameworksBuildPhase;
			buildActionMask = 2147483647;
			files = (
			);
			runOnlyForDeploymentPostprocessing = 0;
		};
/* End PBXFrameworksBuildPhase section */

/* Begin PBXGroup section */
		4F4006BC2B7641A600B0FADF /* Models */ = {
			isa = PBXGroup;
			children = (
				4F4006C02B7641FB00B0FADF /* Location.swift */,
			);
			path = Models;
			sourceTree = "<group>";
		};
		4F4006BE2B7641D800B0FADF /* ViewModels */ = {
			isa = PBXGroup;
			children = (
				4F4006C52B7644FE00B0FADF /* LocationsViewModel.swift */,
			);
			path = ViewModels;
			sourceTree = "<group>";
		};
		4F4006BF2B7641E200B0FADF /* Views */ = {
			isa = PBXGroup;
			children = (
				4FB10CCD2B7256C100EA7795 /* ContentView.swift */,
				4F4006C32B7644D200B0FADF /* LocationsView.swift */,
				4F4006C72B7653D000B0FADF /* LocationsListView.swift */,
				4FBA8C362B77A03000F473F2 /* LocationPreviewView.swift */,
				4F1569FF2B77BA9900BEB7A7 /* LocationMapAnnotationView.swift */,
				4F156A012B77C08F00BEB7A7 /* LocationDetailView.swift */,
			);
			path = Views;
			sourceTree = "<group>";
		};
		4F8A3FE22B739643006393CA /* Services */ = {
			isa = PBXGroup;
			children = (
				4F8A3FE02B73963E006393CA /* LocationDataService.swift */,
			);
			path = Services;
			sourceTree = "<group>";
		};
		4FB10CBF2B7256C100EA7795 = {
			isa = PBXGroup;
			children = (
				4FB10CCA2B7256C100EA7795 /* TheSandlots */,
				4FB10CC92B7256C100EA7795 /* Products */,
			);
			sourceTree = "<group>";
		};
		4FB10CC92B7256C100EA7795 /* Products */ = {
			isa = PBXGroup;
			children = (
				4FB10CC82B7256C100EA7795 /* TheSandlots.app */,
			);
			name = Products;
			sourceTree = "<group>";
		};
		4FB10CCA2B7256C100EA7795 /* TheSandlots */ = {
			isa = PBXGroup;
			children = (
				4F156A032B77D1AB00BEB7A7 /* Info.plist */,
				4FB10CCB2B7256C100EA7795 /* TheSandlotsApp.swift */,
				4F4006BF2B7641E200B0FADF /* Views */,
				4F4006BE2B7641D800B0FADF /* ViewModels */,
				4F4006BC2B7641A600B0FADF /* Models */,
				4F8A3FE22B739643006393CA /* Services */,
				4FB10CCF2B7256C200EA7795 /* Assets.xcassets */,
				4FB10CD12B7256C200EA7795 /* Preview Content */,
			);
			path = TheSandlots;
			sourceTree = "<group>";
		};
		4FB10CD12B7256C200EA7795 /* Preview Content */ = {
			isa = PBXGroup;
			children = (
				4FB10CD22B7256C200EA7795 /* Preview Assets.xcassets */,
			);
			path = "Preview Content";
			sourceTree = "<group>";
		};
/* End PBXGroup section */

/* Begin PBXNativeTarget section */
		4FB10CC72B7256C100EA7795 /* TheSandlots */ = {
			isa = PBXNativeTarget;
			buildConfigurationList = 4FB10CD62B7256C200EA7795 /* Build configuration list for PBXNativeTarget "TheSandlots" */;
			buildPhases = (
				4FB10CC42B7256C100EA7795 /* Sources */,
				4FB10CC52B7256C100EA7795 /* Frameworks */,
				4FB10CC62B7256C100EA7795 /* Resources */,
			);
			buildRules = (
			);
			dependencies = (
			);
			name = TheSandlots;
			productName = TheSandlots;
			productReference = 4FB10CC82B7256C100EA7795 /* TheSandlots.app */;
			productType = "com.apple.product-type.application";
		};
/* End PBXNativeTarget section */

/* Begin PBXProject section */
		4FB10CC02B7256C100EA7795 /* Project object */ = {
			isa = PBXProject;
			attributes = {
				BuildIndependentTargetsInParallel = 1;
				LastSwiftUpdateCheck = 1520;
				LastUpgradeCheck = 1520;
				TargetAttributes = {
					4FB10CC72B7256C100EA7795 = {
						CreatedOnToolsVersion = 15.2;
					};
				};
			};
			buildConfigurationList = 4FB10CC32B7256C100EA7795 /* Build configuration list for PBXProject "TheSandlots" */;
			compatibilityVersion = "Xcode 14.0";
			developmentRegion = en;
			hasScannedForEncodings = 0;
			knownRegions = (
				en,
				Base,
			);
			mainGroup = 4FB10CBF2B7256C100EA7795;
			productRefGroup = 4FB10CC92B7256C100EA7795 /* Products */;
			projectDirPath = "";
			projectRoot = "";
			targets = (
				4FB10CC72B7256C100EA7795 /* TheSandlots */,
			);
		};
/* End PBXProject section */

/* Begin PBXResourcesBuildPhase section */
		4FB10CC62B7256C100EA7795 /* Resources */ = {
			isa = PBXResourcesBuildPhase;
			buildActionMask = 2147483647;
			files = (
				4FB10CD32B7256C200EA7795 /* Preview Assets.xcassets in Resources */,
				4FB10CD02B7256C200EA7795 /* Assets.xcassets in Resources */,
			);
			runOnlyForDeploymentPostprocessing = 0;
		};
/* End PBXResourcesBuildPhase section */

/* Begin PBXSourcesBuildPhase section */
		4FB10CC42B7256C100EA7795 /* Sources */ = {
			isa = PBXSourcesBuildPhase;
			buildActionMask = 2147483647;
			files = (
				4FB10CCE2B7256C100EA7795 /* ContentView.swift in Sources */,
				4F156A002B77BA9900BEB7A7 /* LocationMapAnnotationView.swift in Sources */,
				4F4006C82B7653D000B0FADF /* LocationsListView.swift in Sources */,
				4FBA8C372B77A03000F473F2 /* LocationPreviewView.swift in Sources */,
				4F4006C62B7644FE00B0FADF /* LocationsViewModel.swift in Sources */,
				4FB10CCC2B7256C100EA7795 /* TheSandlotsApp.swift in Sources */,
				4F4006C42B7644D200B0FADF /* LocationsView.swift in Sources */,
				4F4006C12B7641FB00B0FADF /* Location.swift in Sources */,
				4F156A022B77C08F00BEB7A7 /* LocationDetailView.swift in Sources */,
				4F8A3FE12B73963E006393CA /* LocationDataService.swift in Sources */,
			);
			runOnlyForDeploymentPostprocessing = 0;
		};
/* End PBXSourcesBuildPhase section */

/* Begin XCBuildConfiguration section */
		4FB10CD42B7256C200EA7795 /* Debug */ = {
			isa = XCBuildConfiguration;
			buildSettings = {
				ALWAYS_SEARCH_USER_PATHS = NO;
				ASSETCATALOG_COMPILER_GENERATE_SWIFT_ASSET_SYMBOL_EXTENSIONS = YES;
				CLANG_ANALYZER_NONNULL = YES;
				CLANG_ANALYZER_NUMBER_OBJECT_CONVERSION = YES_AGGRESSIVE;
				CLANG_CXX_LANGUAGE_STANDARD = "gnu++20";
				CLANG_ENABLE_MODULES = YES;
				CLANG_ENABLE_OBJC_ARC = YES;
				CLANG_ENABLE_OBJC_WEAK = YES;
				CLANG_WARN_BLOCK_CAPTURE_AUTORELEASING = YES;
				CLANG_WARN_BOOL_CONVERSION = YES;
				CLANG_WARN_COMMA = YES;
				CLANG_WARN_CONSTANT_CONVERSION = YES;
				CLANG_WARN_DEPRECATED_OBJC_IMPLEMENTATIONS = YES;
				CLANG_WARN_DIRECT_OBJC_ISA_USAGE = YES_ERROR;
				CLANG_WARN_DOCUMENTATION_COMMENTS = YES;
				CLANG_WARN_EMPTY_BODY = YES;
				CLANG_WARN_ENUM_CONVERSION = YES;
				CLANG_WARN_INFINITE_RECURSION = YES;
				CLANG_WARN_INT_CONVERSION = YES;
				CLANG_WARN_NON_LITERAL_NULL_CONVERSION = YES;
				CLANG_WARN_OBJC_IMPLICIT_RETAIN_SELF = YES;
				CLANG_WARN_OBJC_LITERAL_CONVERSION = YES;
				CLANG_WARN_OBJC_ROOT_CLASS = YES_ERROR;
				CLANG_WARN_QUOTED_INCLUDE_IN_FRAMEWORK_HEADER = YES;
				CLANG_WARN_RANGE_LOOP_ANALYSIS = YES;
				CLANG_WARN_STRICT_PROTOTYPES = YES;
				CLANG_WARN_SUSPICIOUS_MOVE = YES;
				CLANG_WARN_UNGUARDED_AVAILABILITY = YES_AGGRESSIVE;
				CLANG_WARN_UNREACHABLE_CODE = YES;
				CLANG_WARN__DUPLICATE_METHOD_MATCH = YES;
				COPY_PHASE_STRIP = NO;
				DEBUG_INFORMATION_FORMAT = dwarf;
				ENABLE_STRICT_OBJC_MSGSEND = YES;
				ENABLE_TESTABILITY = YES;
				ENABLE_USER_SCRIPT_SANDBOXING = YES;
				GCC_C_LANGUAGE_STANDARD = gnu17;
				GCC_DYNAMIC_NO_PIC = NO;
				GCC_NO_COMMON_BLOCKS = YES;
				GCC_OPTIMIZATION_LEVEL = 0;
				GCC_PREPROCESSOR_DEFINITIONS = (
					"DEBUG=1",
					"$(inherited)",
				);
				GCC_WARN_64_TO_32_BIT_CONVERSION = YES;
				GCC_WARN_ABOUT_RETURN_TYPE = YES_ERROR;
				GCC_WARN_UNDECLARED_SELECTOR = YES;
				GCC_WARN_UNINITIALIZED_AUTOS = YES_AGGRESSIVE;
				GCC_WARN_UNUSED_FUNCTION = YES;
				GCC_WARN_UNUSED_VARIABLE = YES;
				IPHONEOS_DEPLOYMENT_TARGET = 17.2;
				LOCALIZATION_PREFERS_STRING_CATALOGS = YES;
				MTL_ENABLE_DEBUG_INFO = INCLUDE_SOURCE;
				MTL_FAST_MATH = YES;
				ONLY_ACTIVE_ARCH = YES;
				SDKROOT = iphoneos;
				SWIFT_ACTIVE_COMPILATION_CONDITIONS = "DEBUG $(inherited)";
				SWIFT_OPTIMIZATION_LEVEL = "-Onone";
			};
			name = Debug;
		};
		4FB10CD52B7256C200EA7795 /* Release */ = {
			isa = XCBuildConfiguration;
			buildSettings = {
				ALWAYS_SEARCH_USER_PATHS = NO;
				ASSETCATALOG_COMPILER_GENERATE_SWIFT_ASSET_SYMBOL_EXTENSIONS = YES;
				CLANG_ANALYZER_NONNULL = YES;
				CLANG_ANALYZER_NUMBER_OBJECT_CONVERSION = YES_AGGRESSIVE;
				CLANG_CXX_LANGUAGE_STANDARD = "gnu++20";
				CLANG_ENABLE_MODULES = YES;
				CLANG_ENABLE_OBJC_ARC = YES;
				CLANG_ENABLE_OBJC_WEAK = YES;
				CLANG_WARN_BLOCK_CAPTURE_AUTORELEASING = YES;
				CLANG_WARN_BOOL_CONVERSION = YES;
				CLANG_WARN_COMMA = YES;
				CLANG_WARN_CONSTANT_CONVERSION = YES;
				CLANG_WARN_DEPRECATED_OBJC_IMPLEMENTATIONS = YES;
				CLANG_WARN_DIRECT_OBJC_ISA_USAGE = YES_ERROR;
				CLANG_WARN_DOCUMENTATION_COMMENTS = YES;
				CLANG_WARN_EMPTY_BODY = YES;
				CLANG_WARN_ENUM_CONVERSION = YES;
				CLANG_WARN_INFINITE_RECURSION = YES;
				CLANG_WARN_INT_CONVERSION = YES;
				CLANG_WARN_NON_LITERAL_NULL_CONVERSION = YES;
				CLANG_WARN_OBJC_IMPLICIT_RETAIN_SELF = YES;
				CLANG_WARN_OBJC_LITERAL_CONVERSION = YES;
				CLANG_WARN_OBJC_ROOT_CLASS = YES_ERROR;
				CLANG_WARN_QUOTED_INCLUDE_IN_FRAMEWORK_HEADER = YES;
				CLANG_WARN_RANGE_LOOP_ANALYSIS = YES;
				CLANG_WARN_STRICT_PROTOTYPES = YES;
				CLANG_WARN_SUSPICIOUS_MOVE = YES;
				CLANG_WARN_UNGUARDED_AVAILABILITY = YES_AGGRESSIVE;
				CLANG_WARN_UNREACHABLE_CODE = YES;
				CLANG_WARN__DUPLICATE_METHOD_MATCH = YES;
				COPY_PHASE_STRIP = NO;
				DEBUG_INFORMATION_FORMAT = "dwarf-with-dsym";
				ENABLE_NS_ASSERTIONS = NO;
				ENABLE_STRICT_OBJC_MSGSEND = YES;
				ENABLE_USER_SCRIPT_SANDBOXING = YES;
				GCC_C_LANGUAGE_STANDARD = gnu17;
				GCC_NO_COMMON_BLOCKS = YES;
				GCC_WARN_64_TO_32_BIT_CONVERSION = YES;
				GCC_WARN_ABOUT_RETURN_TYPE = YES_ERROR;
				GCC_WARN_UNDECLARED_SELECTOR = YES;
				GCC_WARN_UNINITIALIZED_AUTOS = YES_AGGRESSIVE;
				GCC_WARN_UNUSED_FUNCTION = YES;
				GCC_WARN_UNUSED_VARIABLE = YES;
				IPHONEOS_DEPLOYMENT_TARGET = 17.2;
				LOCALIZATION_PREFERS_STRING_CATALOGS = YES;
				MTL_ENABLE_DEBUG_INFO = NO;
				MTL_FAST_MATH = YES;
				SDKROOT = iphoneos;
				SWIFT_COMPILATION_MODE = wholemodule;
				VALIDATE_PRODUCT = YES;
			};
			name = Release;
		};
		4FB10CD72B7256C200EA7795 /* Debug */ = {
			isa = XCBuildConfiguration;
			buildSettings = {
				ASSETCATALOG_COMPILER_APPICON_NAME = AppIcon;
				ASSETCATALOG_COMPILER_GLOBAL_ACCENT_COLOR_NAME = AccentColor;
				CODE_SIGN_STYLE = Automatic;
				CURRENT_PROJECT_VERSION = 1;
				DEVELOPMENT_ASSET_PATHS = "\"TheSandlots/Preview Content\"";
				DEVELOPMENT_TEAM = 9Q46CKC8X3;
				ENABLE_PREVIEWS = YES;
				GENERATE_INFOPLIST_FILE = YES;
				INFOPLIST_FILE = TheSandlots/Info.plist;
				INFOPLIST_KEY_CFBundleDisplayName = "The Sandlots";
				INFOPLIST_KEY_UIApplicationSceneManifest_Generation = YES;
				INFOPLIST_KEY_UIApplicationSupportsIndirectInputEvents = YES;
				INFOPLIST_KEY_UISupportedInterfaceOrientations = UIInterfaceOrientationPortrait;
				INFOPLIST_KEY_UISupportedInterfaceOrientations_iPad = "UIInterfaceOrientationLandscapeLeft UIInterfaceOrientationLandscapeRight UIInterfaceOrientationPortrait UIInterfaceOrientationPortraitUpsideDown";
				IPHONEOS_DEPLOYMENT_TARGET = 18.0;
				LD_RUNPATH_SEARCH_PATHS = (
					"$(inherited)",
					"@executable_path/Frameworks",
				);
				MARKETING_VERSION = 1.0;
				PRODUCT_BUNDLE_IDENTIFIER = com.BrentBeamer.TheSandlots;
				PRODUCT_NAME = "$(TARGET_NAME)";
				SWIFT_EMIT_LOC_STRINGS = YES;
				SWIFT_VERSION = 5.0;
				TARGETED_DEVICE_FAMILY = "1,2";
			};
			name = Debug;
		};
		4FB10CD82B7256C200EA7795 /* Release */ = {
			isa = XCBuildConfiguration;
			buildSettings = {
				ASSETCATALOG_COMPILER_APPICON_NAME = AppIcon;
				ASSETCATALOG_COMPILER_GLOBAL_ACCENT_COLOR_NAME = AccentColor;
				CODE_SIGN_STYLE = Automatic;
				CURRENT_PROJECT_VERSION = 1;
				DEVELOPMENT_ASSET_PATHS = "\"TheSandlots/Preview Content\"";
				DEVELOPMENT_TEAM = 9Q46CKC8X3;
				ENABLE_PREVIEWS = YES;
				GENERATE_INFOPLIST_FILE = YES;
				INFOPLIST_FILE = TheSandlots/Info.plist;
				INFOPLIST_KEY_CFBundleDisplayName = "The Sandlots";
				INFOPLIST_KEY_UIApplicationSceneManifest_Generation = YES;
				INFOPLIST_KEY_UIApplicationSupportsIndirectInputEvents = YES;
				INFOPLIST_KEY_UISupportedInterfaceOrientations = UIInterfaceOrientationPortrait;
				INFOPLIST_KEY_UISupportedInterfaceOrientations_iPad = "UIInterfaceOrientationLandscapeLeft UIInterfaceOrientationLandscapeRight UIInterfaceOrientationPortrait UIInterfaceOrientationPortraitUpsideDown";
				IPHONEOS_DEPLOYMENT_TARGET = 18.0;
				LD_RUNPATH_SEARCH_PATHS = (
					"$(inherited)",
					"@executable_path/Frameworks",
				);
				MARKETING_VERSION = 1.0;
				PRODUCT_BUNDLE_IDENTIFIER = com.BrentBeamer.TheSandlots;
				PRODUCT_NAME = "$(TARGET_NAME)";
				SWIFT_EMIT_LOC_STRINGS = YES;
				SWIFT_VERSION = 5.0;
				TARGETED_DEVICE_FAMILY = "1,2";
			};
			name = Release;
		};
/* End XCBuildConfiguration section */

/* Begin XCConfigurationList section */
		4FB10CC32B7256C100EA7795 /* Build configuration list for PBXProject "TheSandlots" */ = {
			isa = XCConfigurationList;
			buildConfigurations = (
				4FB10CD42B7256C200EA7795 /* Debug */,
				4FB10CD52B7256C200EA7795 /* Release */,
			);
			defaultConfigurationIsVisible = 0;
			defaultConfigurationName = Release;
		};
		4FB10CD62B7256C200EA7795 /* Build configuration list for PBXNativeTarget "TheSandlots" */ = {
			isa = XCConfigurationList;
			buildConfigurations = (
				4FB10CD72B7256C200EA7795 /* Debug */,
				4FB10CD82B7256C200EA7795 /* Release */,
			);
			defaultConfigurationIsVisible = 0;
			defaultConfigurationName = Release;
		};
/* End XCConfigurationList section */
	};
	rootObject = 4FB10CC02B7256C100EA7795 /* Project object */;
}
